
Microsoft Visual Studio Solution File, Format Version 12.00
# Visual Studio Version 17
VisualStudioVersion = 17.8.34408.163
MinimumVisualStudioVersion = 10.0.40219.1
Project("{FAE04EC0-301F-11D3-BF4B-00C04F79EFBC}") = "Demo-ASP-Currency", "Demo-ASP-Currency\Demo-ASP-Currency.csproj", "{616E8FE6-D6DB-48A4-A482-576A1F8860F6}"
EndProject
Project("{2150E333-8FDC-42A3-9474-1A3956D46DE8}") = "Mockup", "Mockup", "{A5E9162F-F5D5-42B5-BA4D-B9F4F20F0572}"
EndProject
Project("{2150E333-8FDC-42A3-9474-1A3956D46DE8}") = "ASP", "ASP", "{004E3FF5-0B27-4919-8585-FE3C2F646BA4}"
EndProject
Project("{FAE04EC0-301F-11D3-BF4B-00C04F79EFBC}") = "Demo-Mockup-Currency", "Demo-Mockup-Currency\Demo-Mockup-Currency.csproj", "{C1D56A1B-5B0A-469A-9F4C-A33BF8785EC4}"
EndProject
Global
	GlobalSection(SolutionConfigurationPlatforms) = preSolution
		Debug|Any CPU = Debug|Any CPU
		Release|Any CPU = Release|Any CPU
	EndGlobalSection
	GlobalSection(ProjectConfigurationPlatforms) = postSolution
		{616E8FE6-D6DB-48A4-A482-576A1F8860F6}.Debug|Any CPU.ActiveCfg = Debug|Any CPU
		{616E8FE6-D6DB-48A4-A482-576A1F8860F6}.Debug|Any CPU.Build.0 = Debug|Any CPU
		{616E8FE6-D6DB-48A4-A482-576A1F8860F6}.Release|Any CPU.ActiveCfg = Release|Any CPU
		{616E8FE6-D6DB-48A4-A482-576A1F8860F6}.Release|Any CPU.Build.0 = Release|Any CPU
		{C1D56A1B-5B0A-469A-9F4C-A33BF8785EC4}.Debug|Any CPU.ActiveCfg = Debug|Any CPU
		{C1D56A1B-5B0A-469A-9F4C-A33BF8785EC4}.Debug|Any CPU.Build.0 = Debug|Any CPU
		{C1D56A1B-5B0A-469A-9F4C-A33BF8785EC4}.Release|Any CPU.ActiveCfg = Release|Any CPU
		{C1D56A1B-5B0A-469A-9F4C-A33BF8785EC4}.Release|Any CPU.Build.0 = Release|Any CPU
	EndGlobalSection
	GlobalSection(SolutionProperties) = preSolution
		HideSolutionNode = FALSE
	EndGlobalSection
	GlobalSection(NestedProjects) = preSolution
		{616E8FE6-D6DB-48A4-A482-576A1F8860F6} = {004E3FF5-0B27-4919-8585-FE3C2F646BA4}
		{C1D56A1B-5B0A-469A-9F4C-A33BF8785EC4} = {A5E9162F-F5D5-42B5-BA4D-B9F4F20F0572}
	EndGlobalSection
	GlobalSection(ExtensibilityGlobals) = postSolution
		SolutionGuid = {490D50CE-D9DA-40F2-B2DC-E240560C81F6}
	EndGlobalSection
EndGlobal
